{
  "name": "learning-advanced-Javascript",
  "lockfileVersion": 3,
  "requires": true,
  "packages": {
    "": {
      "dependencies": {
        "@ngrx/effects": "^18.0.1",
        "@ngrx/store": "^18.0.1"
      }
    },
    "node_modules/@ngrx/effects": {
      "version": "18.0.1",
      "resolved": "https://registry.npmjs.org/@ngrx/effects/-/effects-18.0.1.tgz",
      "integrity": "sha512-ESxJYx31uABixtnWcuDY+HLKyqXKABpPG3LPDMyZrj7lIdjCaTk471QMhRZOme8QQKzlJt0drGfzFo3FM+QYuA==",
      "license": "MIT",
      "dependencies": {
        "@ngrx/operators": "18.0.1",
        "tslib": "^2.0.0"
      },
      "peerDependencies": {
        "@angular/core": "^18.0.0",
        "@ngrx/store": "18.0.1",
        "rxjs": "^6.5.3 || ^7.5.0"
      }
    },
    "node_modules/@ngrx/operators": {
      "version": "18.0.1",
      "resolved": "https://registry.npmjs.org/@ngrx/operators/-/operators-18.0.1.tgz",
      "integrity": "sha512-M+QMrHNKgcuiLaRGZxJ4aQi5/OCRfKC4+T/63dsHyLFZ53/FFpF6a/ytSO1Q+tzOplZ5o99S+i8FVaZqNQ3LmQ==",
      "license": "MIT",
      "dependencies": {
        "tslib": "^2.3.0"
      },
      "peerDependencies": {
        "rxjs": "^6.5.3 || ^7.4.0"
      }
    },
    "node_modules/@ngrx/store": {
      "version": "18.0.1",
      "resolved": "https://registry.npmjs.org/@ngrx/store/-/store-18.0.1.tgz",
      "integrity": "sha512-TxZiQz06fGSxQ0clYfzkH4NCr6tfa8A7zqzkvvOOK1ZezOHHsk0vZJJtgxQcKUqAQxPpbp5+Z7YR8P/Fuid7GQ==",
      "license": "MIT",
      "dependencies": {
        "tslib": "^2.0.0"
      },
      "peerDependencies": {
        "@angular/core": "^18.0.0",
        "rxjs": "^6.5.3 || ^7.5.0"
      }
    },
    "node_modules/tslib": {
      "version": "2.6.3",
      "resolved": "https://registry.npmjs.org/tslib/-/tslib-2.6.3.tgz",
      "integrity": "sha512-xNvxJEOUiWPGhUuUdQgAJPKOOJfGnIyKySOc09XkKsgdUV/3E2zvwZYdejjmRgPCgcym1juLH3226yA7sEFJKQ==",
      "license": "0BSD"
    }
  }
}
